
Microsoft Visual Studio Solution File, Format Version 12.00
# Visual Studio Version 16
VisualStudioVersion = 16.0.29503.13
MinimumVisualStudioVersion = 10.0.40219.1
Project("{FAE04EC0-301F-11D3-BF4B-00C04F79EFBC}") = "MySqlWebApp", "MySqlWebApp\MySqlWebApp.csproj", "{AED96319-8B73-437D-92CF-AB365806FA18}"
EndProject
Global
	GlobalSection(SolutionConfigurationPlatforms) = preSolution
		Debug|Any CPU = Debug|Any CPU
		Release|Any CPU = Release|Any CPU
	EndGlobalSection
	GlobalSection(ProjectConfigurationPlatforms) = postSolution
		{AED96319-8B73-437D-92CF-AB365806FA18}.Debug|Any CPU.ActiveCfg = Debug|Any CPU
		{AED96319-8B73-437D-92CF-AB365806FA18}.Debug|Any CPU.Build.0 = Debug|Any CPU
		{AED96319-8B73-437D-92CF-AB365806FA18}.Release|Any CPU.ActiveCfg = Release|Any CPU
		{AED96319-8B73-437D-92CF-AB365806FA18}.Release|Any CPU.Build.0 = Release|Any CPU
	EndGlobalSection
	GlobalSection(SolutionProperties) = preSolution
		HideSolutionNode = FALSE
	EndGlobalSection
	GlobalSection(ExtensibilityGlobals) = postSolution
		SolutionGuid = {A20CD51D-9CFD-46D5-BEC3-1A3A7875E1A8}
	EndGlobalSection
EndGlobal
